
Microsoft Visual Studio Solution File, Format Version 12.00
# Visual Studio Version 16
VisualStudioVersion = 16.0.31729.503
MinimumVisualStudioVersion = 10.0.40219.1
Project("{FAE04EC0-301F-11D3-BF4B-00C04F79EFBC}") = "Sifte", "Sifte\Sifte.csproj", "{60D2F82E-5F40-4AB9-AEC1-090E58668BF5}"
EndProject
Global
	GlobalSection(SolutionConfigurationPlatforms) = preSolution
		Debug|Any CPU = Debug|Any CPU
		Release|Any CPU = Release|Any CPU
	EndGlobalSection
	GlobalSection(ProjectConfigurationPlatforms) = postSolution
		{60D2F82E-5F40-4AB9-AEC1-090E58668BF5}.Debug|Any CPU.ActiveCfg = Debug|Any CPU
		{60D2F82E-5F40-4AB9-AEC1-090E58668BF5}.Debug|Any CPU.Build.0 = Debug|Any CPU
		{60D2F82E-5F40-4AB9-AEC1-090E58668BF5}.Release|Any CPU.ActiveCfg = Release|Any CPU
		{60D2F82E-5F40-4AB9-AEC1-090E58668BF5}.Release|Any CPU.Build.0 = Release|Any CPU
	EndGlobalSection
	GlobalSection(SolutionProperties) = preSolution
		HideSolutionNode = FALSE
	EndGlobalSection
	GlobalSection(ExtensibilityGlobals) = postSolution
		SolutionGuid = {B0AF24BA-5748-42FF-8A1A-F7807B73B703}
	EndGlobalSection
EndGlobal
